
Microsoft Visual Studio Solution File, Format Version 12.00
# Visual Studio Version 17
VisualStudioVersion = 17.0.31912.275
MinimumVisualStudioVersion = 10.0.40219.1
Project("{9A19103F-16F7-4668-BE54-9A1E7A4F7556}") = "EdtLibrary", "EDTLibrary\EdtLibrary.csproj", "{49BA6586-11F5-4C44-AD83-FFA6B5BE27C7}"
EndProject
Project("{9A19103F-16F7-4668-BE54-9A1E7A4F7556}") = "WpfUI", "WpfUI\WpfUI.csproj", "{4BF24413-4E32-4AFB-83D0-1272A63CECDE}"
EndProject
Project("{9A19103F-16F7-4668-BE54-9A1E7A4F7556}") = "EDTLibrary.Tests", "EDTLibrary.Tests\EDTLibrary.Tests.csproj", "{EB4A0B88-3617-4B40-9206-2E1EE804B168}"
EndProject
Project("{9A19103F-16F7-4668-BE54-9A1E7A4F7556}") = "WpfUI.Tests", "WpfUI.Tests\WpfUI.Tests.csproj", "{9E0F5C73-E827-45E7-9820-D76D64B425D2}"
EndProject
Project("{2150E333-8FDC-42A3-9474-1A3956D46DE8}") = "_Notes", "_Notes", "{50E08AEB-4A6A-4FA8-BE96-D05F73A87788}"
	ProjectSection(SolutionItems) = preProject
		_Notes.txt = _Notes.txt
	EndProjectSection
EndProject
Project("{9A19103F-16F7-4668-BE54-9A1E7A4F7556}") = "ExcelLibraryCore", "ExcelLibraryCore\ExcelLibraryCore.csproj", "{AF0552F1-34DE-48CE-A9CE-00D6764703FE}"
EndProject
Project("{54435603-DBB4-11D2-8724-00A0C9A8B90C}") = "Edt_Installer", "EdtInstaller\EdtInstaller.vdproj", "{5B764C48-BE9C-4D88-BDA1-7135FF37AB25}"
EndProject
Project("{9A19103F-16F7-4668-BE54-9A1E7A4F7556}") = "AutocadLibrary", "D:\My Drive\Programming\Visual Studio Projects\AutoCadInterop\Marshal2\AutocadLibrary.csproj", "{DCF42A65-EAF9-4C03-B922-561D64AADB22}"
EndProject
Project("{9A19103F-16F7-4668-BE54-9A1E7A4F7556}") = "FireSharp.Library", "FireSharp.Library\FireSharp.Library.csproj", "{7E7ED96C-05D8-446F-865E-283AD614BEFE}"
EndProject
Global
	GlobalSection(SolutionConfigurationPlatforms) = preSolution
		All|Any CPU = All|Any CPU
		All|x64 = All|x64
		All|x86 = All|x86
		Debug|Any CPU = Debug|Any CPU
		Debug|x64 = Debug|x64
		Debug|x86 = Debug|x86
		Release|Any CPU = Release|Any CPU
		Release|x64 = Release|x64
		Release|x86 = Release|x86
	EndGlobalSection
	GlobalSection(ProjectConfigurationPlatforms) = postSolution
		{49BA6586-11F5-4C44-AD83-FFA6B5BE27C7}.All|Any CPU.ActiveCfg = Release|Any CPU
		{49BA6586-11F5-4C44-AD83-FFA6B5BE27C7}.All|Any CPU.Build.0 = Release|Any CPU
		{49BA6586-11F5-4C44-AD83-FFA6B5BE27C7}.All|x64.ActiveCfg = Release|x64
		{49BA6586-11F5-4C44-AD83-FFA6B5BE27C7}.All|x64.Build.0 = Release|x64
		{49BA6586-11F5-4C44-AD83-FFA6B5BE27C7}.All|x86.ActiveCfg = Release|Any CPU
		{49BA6586-11F5-4C44-AD83-FFA6B5BE27C7}.All|x86.Build.0 = Release|Any CPU
		{49BA6586-11F5-4C44-AD83-FFA6B5BE27C7}.Debug|Any CPU.ActiveCfg = Debug|Any CPU
		{49BA6586-11F5-4C44-AD83-FFA6B5BE27C7}.Debug|Any CPU.Build.0 = Debug|Any CPU
		{49BA6586-11F5-4C44-AD83-FFA6B5BE27C7}.Debug|x64.ActiveCfg = Debug|x64
		{49BA6586-11F5-4C44-AD83-FFA6B5BE27C7}.Debug|x64.Build.0 = Debug|x64
		{49BA6586-11F5-4C44-AD83-FFA6B5BE27C7}.Debug|x86.ActiveCfg = Debug|Any CPU
		{49BA6586-11F5-4C44-AD83-FFA6B5BE27C7}.Debug|x86.Build.0 = Debug|Any CPU
		{49BA6586-11F5-4C44-AD83-FFA6B5BE27C7}.Release|Any CPU.ActiveCfg = Release|Any CPU
		{49BA6586-11F5-4C44-AD83-FFA6B5BE27C7}.Release|Any CPU.Build.0 = Release|Any CPU
		{49BA6586-11F5-4C44-AD83-FFA6B5BE27C7}.Release|x64.ActiveCfg = Release|x64
		{49BA6586-11F5-4C44-AD83-FFA6B5BE27C7}.Release|x64.Build.0 = Release|x64
		{49BA6586-11F5-4C44-AD83-FFA6B5BE27C7}.Release|x86.ActiveCfg = Release|Any CPU
		{49BA6586-11F5-4C44-AD83-FFA6B5BE27C7}.Release|x86.Build.0 = Release|Any CPU
		{4BF24413-4E32-4AFB-83D0-1272A63CECDE}.All|Any CPU.ActiveCfg = Release|Any CPU
		{4BF24413-4E32-4AFB-83D0-1272A63CECDE}.All|Any CPU.Build.0 = Release|Any CPU
		{4BF24413-4E32-4AFB-83D0-1272A63CECDE}.All|x64.ActiveCfg = Release|x64
		{4BF24413-4E32-4AFB-83D0-1272A63CECDE}.All|x64.Build.0 = Release|x64
		{4BF24413-4E32-4AFB-83D0-1272A63CECDE}.All|x86.ActiveCfg = Release|Any CPU
		{4BF24413-4E32-4AFB-83D0-1272A63CECDE}.All|x86.Build.0 = Release|Any CPU
		{4BF24413-4E32-4AFB-83D0-1272A63CECDE}.Debug|Any CPU.ActiveCfg = Debug|Any CPU
		{4BF24413-4E32-4AFB-83D0-1272A63CECDE}.Debug|Any CPU.Build.0 = Debug|Any CPU
		{4BF24413-4E32-4AFB-83D0-1272A63CECDE}.Debug|x64.ActiveCfg = Debug|x64
		{4BF24413-4E32-4AFB-83D0-1272A63CECDE}.Debug|x64.Build.0 = Debug|x64
		{4BF24413-4E32-4AFB-83D0-1272A63CECDE}.Debug|x86.ActiveCfg = Debug|Any CPU
		{4BF24413-4E32-4AFB-83D0-1272A63CECDE}.Debug|x86.Build.0 = Debug|Any CPU
		{4BF24413-4E32-4AFB-83D0-1272A63CECDE}.Release|Any CPU.ActiveCfg = Release|Any CPU
		{4BF24413-4E32-4AFB-83D0-1272A63CECDE}.Release|Any CPU.Build.0 = Release|Any CPU
		{4BF24413-4E32-4AFB-83D0-1272A63CECDE}.Release|x64.ActiveCfg = Release|x64
		{4BF24413-4E32-4AFB-83D0-1272A63CECDE}.Release|x64.Build.0 = Release|x64
		{4BF24413-4E32-4AFB-83D0-1272A63CECDE}.Release|x86.ActiveCfg = Release|Any CPU
		{4BF24413-4E32-4AFB-83D0-1272A63CECDE}.Release|x86.Build.0 = Release|Any CPU
		{EB4A0B88-3617-4B40-9206-2E1EE804B168}.All|Any CPU.ActiveCfg = Release|Any CPU
		{EB4A0B88-3617-4B40-9206-2E1EE804B168}.All|Any CPU.Build.0 = Release|Any CPU
		{EB4A0B88-3617-4B40-9206-2E1EE804B168}.All|x64.ActiveCfg = Release|x64
		{EB4A0B88-3617-4B40-9206-2E1EE804B168}.All|x64.Build.0 = Release|x64
		{EB4A0B88-3617-4B40-9206-2E1EE804B168}.All|x86.ActiveCfg = Release|Any CPU
		{EB4A0B88-3617-4B40-9206-2E1EE804B168}.All|x86.Build.0 = Release|Any CPU
		{EB4A0B88-3617-4B40-9206-2E1EE804B168}.Debug|Any CPU.ActiveCfg = Debug|Any CPU
		{EB4A0B88-3617-4B40-9206-2E1EE804B168}.Debug|Any CPU.Build.0 = Debug|Any CPU
		{EB4A0B88-3617-4B40-9206-2E1EE804B168}.Debug|x64.ActiveCfg = Debug|x64
		{EB4A0B88-3617-4B40-9206-2E1EE804B168}.Debug|x64.Build.0 = Debug|x64
		{EB4A0B88-3617-4B40-9206-2E1EE804B168}.Debug|x86.ActiveCfg = Debug|Any CPU
		{EB4A0B88-3617-4B40-9206-2E1EE804B168}.Debug|x86.Build.0 = Debug|Any CPU
		{EB4A0B88-3617-4B40-9206-2E1EE804B168}.Release|Any CPU.ActiveCfg = Release|Any CPU
		{EB4A0B88-3617-4B40-9206-2E1EE804B168}.Release|Any CPU.Build.0 = Release|Any CPU
		{EB4A0B88-3617-4B40-9206-2E1EE804B168}.Release|x64.ActiveCfg = Release|x64
		{EB4A0B88-3617-4B40-9206-2E1EE804B168}.Release|x64.Build.0 = Release|x64
		{EB4A0B88-3617-4B40-9206-2E1EE804B168}.Release|x86.ActiveCfg = Release|Any CPU
		{EB4A0B88-3617-4B40-9206-2E1EE804B168}.Release|x86.Build.0 = Release|Any CPU
		{9E0F5C73-E827-45E7-9820-D76D64B425D2}.All|Any CPU.ActiveCfg = Release|Any CPU
		{9E0F5C73-E827-45E7-9820-D76D64B425D2}.All|Any CPU.Build.0 = Release|Any CPU
		{9E0F5C73-E827-45E7-9820-D76D64B425D2}.All|x64.ActiveCfg = Release|x64
		{9E0F5C73-E827-45E7-9820-D76D64B425D2}.All|x64.Build.0 = Release|x64
		{9E0F5C73-E827-45E7-9820-D76D64B425D2}.All|x86.ActiveCfg = Release|Any CPU
		{9E0F5C73-E827-45E7-9820-D76D64B425D2}.All|x86.Build.0 = Release|Any CPU
		{9E0F5C73-E827-45E7-9820-D76D64B425D2}.Debug|Any CPU.ActiveCfg = Debug|Any CPU
		{9E0F5C73-E827-45E7-9820-D76D64B425D2}.Debug|Any CPU.Build.0 = Debug|Any CPU
		{9E0F5C73-E827-45E7-9820-D76D64B425D2}.Debug|x64.ActiveCfg = Debug|x64
		{9E0F5C73-E827-45E7-9820-D76D64B425D2}.Debug|x64.Build.0 = Debug|x64
		{9E0F5C73-E827-45E7-9820-D76D64B425D2}.Debug|x86.ActiveCfg = Debug|Any CPU
		{9E0F5C73-E827-45E7-9820-D76D64B425D2}.Debug|x86.Build.0 = Debug|Any CPU
		{9E0F5C73-E827-45E7-9820-D76D64B425D2}.Release|Any CPU.ActiveCfg = Release|Any CPU
		{9E0F5C73-E827-45E7-9820-D76D64B425D2}.Release|Any CPU.Build.0 = Release|Any CPU
		{9E0F5C73-E827-45E7-9820-D76D64B425D2}.Release|x64.ActiveCfg = Release|x64
		{9E0F5C73-E827-45E7-9820-D76D64B425D2}.Release|x64.Build.0 = Release|x64
		{9E0F5C73-E827-45E7-9820-D76D64B425D2}.Release|x86.ActiveCfg = Release|Any CPU
		{9E0F5C73-E827-45E7-9820-D76D64B425D2}.Release|x86.Build.0 = Release|Any CPU
		{AF0552F1-34DE-48CE-A9CE-00D6764703FE}.All|Any CPU.ActiveCfg = Release|Any CPU
		{AF0552F1-34DE-48CE-A9CE-00D6764703FE}.All|Any CPU.Build.0 = Release|Any CPU
		{AF0552F1-34DE-48CE-A9CE-00D6764703FE}.All|x64.ActiveCfg = Release|Any CPU
		{AF0552F1-34DE-48CE-A9CE-00D6764703FE}.All|x64.Build.0 = Release|Any CPU
		{AF0552F1-34DE-48CE-A9CE-00D6764703FE}.All|x86.ActiveCfg = Release|Any CPU
		{AF0552F1-34DE-48CE-A9CE-00D6764703FE}.All|x86.Build.0 = Release|Any CPU
		{AF0552F1-34DE-48CE-A9CE-00D6764703FE}.Debug|Any CPU.ActiveCfg = Debug|Any CPU
		{AF0552F1-34DE-48CE-A9CE-00D6764703FE}.Debug|Any CPU.Build.0 = Debug|Any CPU
		{AF0552F1-34DE-48CE-A9CE-00D6764703FE}.Debug|x64.ActiveCfg = Debug|Any CPU
		{AF0552F1-34DE-48CE-A9CE-00D6764703FE}.Debug|x64.Build.0 = Debug|Any CPU
		{AF0552F1-34DE-48CE-A9CE-00D6764703FE}.Debug|x86.ActiveCfg = Debug|Any CPU
		{AF0552F1-34DE-48CE-A9CE-00D6764703FE}.Debug|x86.Build.0 = Debug|Any CPU
		{AF0552F1-34DE-48CE-A9CE-00D6764703FE}.Release|Any CPU.ActiveCfg = Release|Any CPU
		{AF0552F1-34DE-48CE-A9CE-00D6764703FE}.Release|Any CPU.Build.0 = Release|Any CPU
		{AF0552F1-34DE-48CE-A9CE-00D6764703FE}.Release|x64.ActiveCfg = Release|Any CPU
		{AF0552F1-34DE-48CE-A9CE-00D6764703FE}.Release|x64.Build.0 = Release|Any CPU
		{AF0552F1-34DE-48CE-A9CE-00D6764703FE}.Release|x86.ActiveCfg = Release|Any CPU
		{AF0552F1-34DE-48CE-A9CE-00D6764703FE}.Release|x86.Build.0 = Release|Any CPU
		{5B764C48-BE9C-4D88-BDA1-7135FF37AB25}.All|Any CPU.ActiveCfg = Debug
		{5B764C48-BE9C-4D88-BDA1-7135FF37AB25}.All|Any CPU.Build.0 = Debug
		{5B764C48-BE9C-4D88-BDA1-7135FF37AB25}.All|x64.ActiveCfg = Debug
		{5B764C48-BE9C-4D88-BDA1-7135FF37AB25}.All|x64.Build.0 = Debug
		{5B764C48-BE9C-4D88-BDA1-7135FF37AB25}.All|x86.ActiveCfg = Debug
		{5B764C48-BE9C-4D88-BDA1-7135FF37AB25}.All|x86.Build.0 = Debug
		{5B764C48-BE9C-4D88-BDA1-7135FF37AB25}.Debug|Any CPU.ActiveCfg = Release
		{5B764C48-BE9C-4D88-BDA1-7135FF37AB25}.Debug|x64.ActiveCfg = Debug
		{5B764C48-BE9C-4D88-BDA1-7135FF37AB25}.Debug|x64.Build.0 = Debug
		{5B764C48-BE9C-4D88-BDA1-7135FF37AB25}.Debug|x86.ActiveCfg = Debug
		{5B764C48-BE9C-4D88-BDA1-7135FF37AB25}.Debug|x86.Build.0 = Debug
		{5B764C48-BE9C-4D88-BDA1-7135FF37AB25}.Release|Any CPU.ActiveCfg = Release
		{5B764C48-BE9C-4D88-BDA1-7135FF37AB25}.Release|Any CPU.Build.0 = Release
		{5B764C48-BE9C-4D88-BDA1-7135FF37AB25}.Release|x64.ActiveCfg = Release
		{5B764C48-BE9C-4D88-BDA1-7135FF37AB25}.Release|x64.Build.0 = Release
		{5B764C48-BE9C-4D88-BDA1-7135FF37AB25}.Release|x86.ActiveCfg = Release
		{5B764C48-BE9C-4D88-BDA1-7135FF37AB25}.Release|x86.Build.0 = Release
		{DCF42A65-EAF9-4C03-B922-561D64AADB22}.All|Any CPU.ActiveCfg = Debug|Any CPU
		{DCF42A65-EAF9-4C03-B922-561D64AADB22}.All|Any CPU.Build.0 = Debug|Any CPU
		{DCF42A65-EAF9-4C03-B922-561D64AADB22}.All|x64.ActiveCfg = Debug|Any CPU
		{DCF42A65-EAF9-4C03-B922-561D64AADB22}.All|x64.Build.0 = Debug|Any CPU
		{DCF42A65-EAF9-4C03-B922-561D64AADB22}.All|x86.ActiveCfg = Debug|Any CPU
		{DCF42A65-EAF9-4C03-B922-561D64AADB22}.All|x86.Build.0 = Debug|Any CPU
		{DCF42A65-EAF9-4C03-B922-561D64AADB22}.Debug|Any CPU.ActiveCfg = Debug|Any CPU
		{DCF42A65-EAF9-4C03-B922-561D64AADB22}.Debug|Any CPU.Build.0 = Debug|Any CPU
		{DCF42A65-EAF9-4C03-B922-561D64AADB22}.Debug|x64.ActiveCfg = Debug|Any CPU
		{DCF42A65-EAF9-4C03-B922-561D64AADB22}.Debug|x64.Build.0 = Debug|Any CPU
		{DCF42A65-EAF9-4C03-B922-561D64AADB22}.Debug|x86.ActiveCfg = Debug|Any CPU
		{DCF42A65-EAF9-4C03-B922-561D64AADB22}.Debug|x86.Build.0 = Debug|Any CPU
		{DCF42A65-EAF9-4C03-B922-561D64AADB22}.Release|Any CPU.ActiveCfg = Release|Any CPU
		{DCF42A65-EAF9-4C03-B922-561D64AADB22}.Release|Any CPU.Build.0 = Release|Any CPU
		{DCF42A65-EAF9-4C03-B922-561D64AADB22}.Release|x64.ActiveCfg = Release|Any CPU
		{DCF42A65-EAF9-4C03-B922-561D64AADB22}.Release|x64.Build.0 = Release|Any CPU
		{DCF42A65-EAF9-4C03-B922-561D64AADB22}.Release|x86.ActiveCfg = Release|Any CPU
		{DCF42A65-EAF9-4C03-B922-561D64AADB22}.Release|x86.Build.0 = Release|Any CPU
		{7E7ED96C-05D8-446F-865E-283AD614BEFE}.All|Any CPU.ActiveCfg = Debug|Any CPU
		{7E7ED96C-05D8-446F-865E-283AD614BEFE}.All|Any CPU.Build.0 = Debug|Any CPU
		{7E7ED96C-05D8-446F-865E-283AD614BEFE}.All|x64.ActiveCfg = Debug|Any CPU
		{7E7ED96C-05D8-446F-865E-283AD614BEFE}.All|x64.Build.0 = Debug|Any CPU
		{7E7ED96C-05D8-446F-865E-283AD614BEFE}.All|x86.ActiveCfg = Debug|Any CPU
		{7E7ED96C-05D8-446F-865E-283AD614BEFE}.All|x86.Build.0 = Debug|Any CPU
		{7E7ED96C-05D8-446F-865E-283AD614BEFE}.Debug|Any CPU.ActiveCfg = Debug|Any CPU
		{7E7ED96C-05D8-446F-865E-283AD614BEFE}.Debug|Any CPU.Build.0 = Debug|Any CPU
		{7E7ED96C-05D8-446F-865E-283AD614BEFE}.Debug|x64.ActiveCfg = Debug|Any CPU
		{7E7ED96C-05D8-446F-865E-283AD614BEFE}.Debug|x64.Build.0 = Debug|Any CPU
		{7E7ED96C-05D8-446F-865E-283AD614BEFE}.Debug|x86.ActiveCfg = Debug|Any CPU
		{7E7ED96C-05D8-446F-865E-283AD614BEFE}.Debug|x86.Build.0 = Debug|Any CPU
		{7E7ED96C-05D8-446F-865E-283AD614BEFE}.Release|Any CPU.ActiveCfg = Release|Any CPU
		{7E7ED96C-05D8-446F-865E-283AD614BEFE}.Release|Any CPU.Build.0 = Release|Any CPU
		{7E7ED96C-05D8-446F-865E-283AD614BEFE}.Release|x64.ActiveCfg = Release|Any CPU
		{7E7ED96C-05D8-446F-865E-283AD614BEFE}.Release|x64.Build.0 = Release|Any CPU
		{7E7ED96C-05D8-446F-865E-283AD614BEFE}.Release|x86.ActiveCfg = Release|Any CPU
		{7E7ED96C-05D8-446F-865E-283AD614BEFE}.Release|x86.Build.0 = Release|Any CPU
	EndGlobalSection
	GlobalSection(SolutionProperties) = preSolution
		HideSolutionNode = FALSE
	EndGlobalSection
	GlobalSection(ExtensibilityGlobals) = postSolution
		SolutionGuid = {E64C7404-710D-4BDB-8D44-679F864A8A0C}
	EndGlobalSection
EndGlobal
